
Microsoft Visual Studio Solution File, Format Version 12.00
Project("{FAE04EC0-301F-11D3-BF4B-00C04F79EFBC}") = "minterm-Project-main", "minterm-Project-main\minterm-Project-main.csproj", "{4011DAE1-018C-4370-A2A2-0F8245BAA02E}"
EndProject
Global
	GlobalSection(SolutionConfigurationPlatforms) = preSolution
		Debug|Any CPU = Debug|Any CPU
		Release|Any CPU = Release|Any CPU
	EndGlobalSection
	GlobalSection(ProjectConfigurationPlatforms) = postSolution
		{4011DAE1-018C-4370-A2A2-0F8245BAA02E}.Debug|Any CPU.ActiveCfg = Debug|Any CPU
		{4011DAE1-018C-4370-A2A2-0F8245BAA02E}.Debug|Any CPU.Build.0 = Debug|Any CPU
		{4011DAE1-018C-4370-A2A2-0F8245BAA02E}.Release|Any CPU.ActiveCfg = Release|Any CPU
		{4011DAE1-018C-4370-A2A2-0F8245BAA02E}.Release|Any CPU.Build.0 = Release|Any CPU
	EndGlobalSection
EndGlobal
